
Microsoft Visual Studio Solution File, Format Version 12.00
# Visual Studio Version 17
VisualStudioVersion = 17.7.34031.279
MinimumVisualStudioVersion = 10.0.40219.1
Project("{FAE04EC0-301F-11D3-BF4B-00C04F79EFBC}") = "Aristotal", "Aristotal.csproj", "{6EB0A84A-D154-4211-90EE-52101459591D}"
EndProject
Global
	GlobalSection(SolutionConfigurationPlatforms) = preSolution
		Debug|Any CPU = Debug|Any CPU
		Release|Any CPU = Release|Any CPU
	EndGlobalSection
	GlobalSection(ProjectConfigurationPlatforms) = postSolution
		{6EB0A84A-D154-4211-90EE-52101459591D}.Debug|Any CPU.ActiveCfg = Debug|Any CPU
		{6EB0A84A-D154-4211-90EE-52101459591D}.Debug|Any CPU.Build.0 = Debug|Any CPU
		{6EB0A84A-D154-4211-90EE-52101459591D}.Release|Any CPU.ActiveCfg = Release|Any CPU
		{6EB0A84A-D154-4211-90EE-52101459591D}.Release|Any CPU.Build.0 = Release|Any CPU
	EndGlobalSection
	GlobalSection(SolutionProperties) = preSolution
		HideSolutionNode = FALSE
	EndGlobalSection
	GlobalSection(ExtensibilityGlobals) = postSolution
		SolutionGuid = {4965405A-D695-4038-BC27-916C9A24F003}
	EndGlobalSection
EndGlobal
